
Microsoft Visual Studio Solution File, Format Version 12.00
# Visual Studio Version 17
VisualStudioVersion = 17.9.34728.123
MinimumVisualStudioVersion = 10.0.40219.1
Project("{FAE04EC0-301F-11D3-BF4B-00C04F79EFBC}") = "webgreen", "webgreen\webgreen.csproj", "{C685A668-F09C-4256-B4C8-DD3639390EE8}"
EndProject
Global
	GlobalSection(SolutionConfigurationPlatforms) = preSolution
		Debug|Any CPU = Debug|Any CPU
		Release|Any CPU = Release|Any CPU
	EndGlobalSection
	GlobalSection(ProjectConfigurationPlatforms) = postSolution
		{C685A668-F09C-4256-B4C8-DD3639390EE8}.Debug|Any CPU.ActiveCfg = Debug|Any CPU
		{C685A668-F09C-4256-B4C8-DD3639390EE8}.Debug|Any CPU.Build.0 = Debug|Any CPU
		{C685A668-F09C-4256-B4C8-DD3639390EE8}.Release|Any CPU.ActiveCfg = Release|Any CPU
		{C685A668-F09C-4256-B4C8-DD3639390EE8}.Release|Any CPU.Build.0 = Release|Any CPU
	EndGlobalSection
	GlobalSection(SolutionProperties) = preSolution
		HideSolutionNode = FALSE
	EndGlobalSection
	GlobalSection(ExtensibilityGlobals) = postSolution
		SolutionGuid = {3EE3B171-F7D0-481C-9039-A16AA96709F5}
	EndGlobalSection
EndGlobal
