
Microsoft Visual Studio Solution File, Format Version 12.00
# Visual Studio Version 17
VisualStudioVersion = 17.9.34728.123
MinimumVisualStudioVersion = 10.0.40219.1
Project("{9A19103F-16F7-4668-BE54-9A1E7A4F7556}") = "webgreen", "webgreen\webgreen.csproj", "{C685A668-F09C-4256-B4C8-DD3639390EE8}"
EndProject
Project("{FAE04EC0-301F-11D3-BF4B-00C04F79EFBC}") = "webgreen.DataAccess", "webgreen.DataAccess\webgreen.DataAccess.csproj", "{6D83EB0D-D27F-4643-BE6B-DA35EDAD302E}"
EndProject
Project("{FAE04EC0-301F-11D3-BF4B-00C04F79EFBC}") = "webgreen.Utility", "webgreen.Utility\webgreen.Utility.csproj", "{813F746D-0D85-4572-871B-84420743C431}"
EndProject
Project("{FAE04EC0-301F-11D3-BF4B-00C04F79EFBC}") = "webgreen.Models", "webgreen.Models\webgreen.Models.csproj", "{97FEE685-E10E-4B49-9F24-D263936147C4}"
EndProject
Global
	GlobalSection(SolutionConfigurationPlatforms) = preSolution
		Debug|Any CPU = Debug|Any CPU
		Release|Any CPU = Release|Any CPU
	EndGlobalSection
	GlobalSection(ProjectConfigurationPlatforms) = postSolution
		{C685A668-F09C-4256-B4C8-DD3639390EE8}.Debug|Any CPU.ActiveCfg = Debug|Any CPU
		{C685A668-F09C-4256-B4C8-DD3639390EE8}.Debug|Any CPU.Build.0 = Debug|Any CPU
		{C685A668-F09C-4256-B4C8-DD3639390EE8}.Release|Any CPU.ActiveCfg = Release|Any CPU
		{C685A668-F09C-4256-B4C8-DD3639390EE8}.Release|Any CPU.Build.0 = Release|Any CPU
		{6D83EB0D-D27F-4643-BE6B-DA35EDAD302E}.Debug|Any CPU.ActiveCfg = Debug|Any CPU
		{6D83EB0D-D27F-4643-BE6B-DA35EDAD302E}.Debug|Any CPU.Build.0 = Debug|Any CPU
		{6D83EB0D-D27F-4643-BE6B-DA35EDAD302E}.Release|Any CPU.ActiveCfg = Release|Any CPU
		{6D83EB0D-D27F-4643-BE6B-DA35EDAD302E}.Release|Any CPU.Build.0 = Release|Any CPU
		{813F746D-0D85-4572-871B-84420743C431}.Debug|Any CPU.ActiveCfg = Debug|Any CPU
		{813F746D-0D85-4572-871B-84420743C431}.Debug|Any CPU.Build.0 = Debug|Any CPU
		{813F746D-0D85-4572-871B-84420743C431}.Release|Any CPU.ActiveCfg = Release|Any CPU
		{813F746D-0D85-4572-871B-84420743C431}.Release|Any CPU.Build.0 = Release|Any CPU
		{97FEE685-E10E-4B49-9F24-D263936147C4}.Debug|Any CPU.ActiveCfg = Debug|Any CPU
		{97FEE685-E10E-4B49-9F24-D263936147C4}.Debug|Any CPU.Build.0 = Debug|Any CPU
		{97FEE685-E10E-4B49-9F24-D263936147C4}.Release|Any CPU.ActiveCfg = Release|Any CPU
		{97FEE685-E10E-4B49-9F24-D263936147C4}.Release|Any CPU.Build.0 = Release|Any CPU
	EndGlobalSection
	GlobalSection(SolutionProperties) = preSolution
		HideSolutionNode = FALSE
	EndGlobalSection
	GlobalSection(ExtensibilityGlobals) = postSolution
		SolutionGuid = {3EE3B171-F7D0-481C-9039-A16AA96709F5}
	EndGlobalSection
EndGlobal
